
Microsoft Visual Studio Solution File, Format Version 12.00
# Visual Studio 15
VisualStudioVersion = 15.0.26730.16
MinimumVisualStudioVersion = 10.0.40219.1
Project("{FAE04EC0-301F-11D3-BF4B-00C04F79EFBC}") = "DemoFaceApi", "DemoFaceApi\DemoFaceApi.csproj", "{CE5882A9-F841-47D8-BC54-B4701BDFFB16}"
EndProject
Project("{FAE04EC0-301F-11D3-BF4B-00C04F79EFBC}") = "DemoFaceLib", "DemoFaceLib\DemoFaceLib.csproj", "{CE2556A5-AD95-48D6-939B-72258DE2B98B}"
EndProject
Global
	GlobalSection(SolutionConfigurationPlatforms) = preSolution
		Debug|Any CPU = Debug|Any CPU
		Release|Any CPU = Release|Any CPU
	EndGlobalSection
	GlobalSection(ProjectConfigurationPlatforms) = postSolution
		{CE5882A9-F841-47D8-BC54-B4701BDFFB16}.Debug|Any CPU.ActiveCfg = Debug|Any CPU
		{CE5882A9-F841-47D8-BC54-B4701BDFFB16}.Debug|Any CPU.Build.0 = Debug|Any CPU
		{CE5882A9-F841-47D8-BC54-B4701BDFFB16}.Release|Any CPU.ActiveCfg = Release|Any CPU
		{CE5882A9-F841-47D8-BC54-B4701BDFFB16}.Release|Any CPU.Build.0 = Release|Any CPU
		{CE2556A5-AD95-48D6-939B-72258DE2B98B}.Debug|Any CPU.ActiveCfg = Debug|Any CPU
		{CE2556A5-AD95-48D6-939B-72258DE2B98B}.Debug|Any CPU.Build.0 = Debug|Any CPU
		{CE2556A5-AD95-48D6-939B-72258DE2B98B}.Release|Any CPU.ActiveCfg = Release|Any CPU
		{CE2556A5-AD95-48D6-939B-72258DE2B98B}.Release|Any CPU.Build.0 = Release|Any CPU
	EndGlobalSection
	GlobalSection(SolutionProperties) = preSolution
		HideSolutionNode = FALSE
	EndGlobalSection
	GlobalSection(ExtensibilityGlobals) = postSolution
		SolutionGuid = {F2B422A9-5FC6-4893-8B75-F3DBFA9911F0}
	EndGlobalSection
EndGlobal
